
Microsoft Visual Studio Solution File, Format Version 12.00
# Visual Studio Version 16
VisualStudioVersion = 16.0.31702.278
MinimumVisualStudioVersion = 10.0.40219.1
Project("{2150E333-8FDC-42A3-9474-1A3956D46DE8}") = "Services", "Services", "{68B9DF0F-9834-41ED-8767-CCB8CBA8AF09}"
EndProject
Project("{2150E333-8FDC-42A3-9474-1A3956D46DE8}") = "Catalog", "Catalog", "{B228DAAC-B417-436D-8A0E-4ADCA8ACF773}"
EndProject
Project("{9A19103F-16F7-4668-BE54-9A1E7A4F7556}") = "Catalog.API", "Services\Catalog\Catalog.API\Catalog.API.csproj", "{0C8B803F-90DE-4FF1-ABB5-17E9377C23FF}"
EndProject
Project("{E53339B2-1760-4266-BCC7-CA923CBCF16C}") = "docker-compose", "docker-compose.dcproj", "{43226ACA-06C5-425C-BB83-A31765F554E4}"
EndProject
Project("{2150E333-8FDC-42A3-9474-1A3956D46DE8}") = "Basket", "Basket", "{F524D109-A6E3-42D8-95E7-2F58F5EFCC9B}"
EndProject
Project("{9A19103F-16F7-4668-BE54-9A1E7A4F7556}") = "Basket.API", "Services\Basket\Basket.Api\Basket.API.csproj", "{FB620130-A2CF-4527-91DE-C522A91AB14D}"
EndProject
Project("{2150E333-8FDC-42A3-9474-1A3956D46DE8}") = "Discount", "Discount", "{4073CF57-C3C9-4BDE-8F55-9DB6A14093A0}"
EndProject
Project("{9A19103F-16F7-4668-BE54-9A1E7A4F7556}") = "Discount.API", "Services\Discount\Discount.API\Discount.API.csproj", "{C3762975-3881-499B-8BAA-8061F168B207}"
EndProject
Project("{9A19103F-16F7-4668-BE54-9A1E7A4F7556}") = "Discount.Grpc", "Services\Discount\Discount.Grpc\Discount.Grpc.csproj", "{F46DD97F-AEF2-413E-BDD0-D51B62921E6D}"
EndProject
Project("{2150E333-8FDC-42A3-9474-1A3956D46DE8}") = "Ordering", "Ordering", "{83B31E65-D1CE-49B9-AC40-C1FD7CB59338}"
EndProject
Project("{9A19103F-16F7-4668-BE54-9A1E7A4F7556}") = "Ordering.API", "Services\Ordering\Ordering.API\Ordering.API.csproj", "{EC5DCFB6-7C21-43FB-B931-BC62BC525E14}"
EndProject
Project("{2150E333-8FDC-42A3-9474-1A3956D46DE8}") = "BuildingBlocks", "BuildingBlocks", "{90D7D904-59D9-46C8-A3C4-122FC5165C6C}"
EndProject
Project("{9A19103F-16F7-4668-BE54-9A1E7A4F7556}") = "EventBus.Messages", "BuildingBlocks\EventBus.Messages\EventBus.Messages.csproj", "{3D0C08F8-E5F6-451D-B65F-2368AE84B623}"
EndProject
Project("{9A19103F-16F7-4668-BE54-9A1E7A4F7556}") = "Ordering.Application", "Services\Ordering\Ordering.Application\Ordering.Application.csproj", "{E582747B-3D63-4732-8ADF-60A0BD13AE55}"
EndProject
Project("{9A19103F-16F7-4668-BE54-9A1E7A4F7556}") = "Ordering.Domain", "Services\Ordering\Ordering.Domain\Ordering.Domain.csproj", "{ECBC576D-413D-40D4-98B0-D6E7534352FC}"
EndProject
Project("{9A19103F-16F7-4668-BE54-9A1E7A4F7556}") = "Ordering.Infrastructure", "Services\Ordering\Ordering.Infrastructure\Ordering.Infrastructure.csproj", "{3B764DF6-92B4-4FB8-AEAF-A1757715C1BD}"
EndProject
Project("{2150E333-8FDC-42A3-9474-1A3956D46DE8}") = "ApiGateWays", "ApiGateWays", "{9BBAB445-EA1C-42CD-8FDF-E8A9C5AE9F76}"
EndProject
Project("{FAE04EC0-301F-11D3-BF4B-00C04F79EFBC}") = "OcelotApiGw", "ApiGateways\OcelotApiGw\OcelotApiGw\OcelotApiGw.csproj", "{AAD1AD3C-896F-4D80-B2A5-AC8EDE81FF69}"
EndProject
Global
	GlobalSection(SolutionConfigurationPlatforms) = preSolution
		Debug|Any CPU = Debug|Any CPU
		Release|Any CPU = Release|Any CPU
	EndGlobalSection
	GlobalSection(ProjectConfigurationPlatforms) = postSolution
		{0C8B803F-90DE-4FF1-ABB5-17E9377C23FF}.Debug|Any CPU.ActiveCfg = Debug|Any CPU
		{0C8B803F-90DE-4FF1-ABB5-17E9377C23FF}.Debug|Any CPU.Build.0 = Debug|Any CPU
		{0C8B803F-90DE-4FF1-ABB5-17E9377C23FF}.Release|Any CPU.ActiveCfg = Release|Any CPU
		{0C8B803F-90DE-4FF1-ABB5-17E9377C23FF}.Release|Any CPU.Build.0 = Release|Any CPU
		{43226ACA-06C5-425C-BB83-A31765F554E4}.Debug|Any CPU.ActiveCfg = Debug|Any CPU
		{43226ACA-06C5-425C-BB83-A31765F554E4}.Debug|Any CPU.Build.0 = Debug|Any CPU
		{43226ACA-06C5-425C-BB83-A31765F554E4}.Release|Any CPU.ActiveCfg = Release|Any CPU
		{43226ACA-06C5-425C-BB83-A31765F554E4}.Release|Any CPU.Build.0 = Release|Any CPU
		{FB620130-A2CF-4527-91DE-C522A91AB14D}.Debug|Any CPU.ActiveCfg = Debug|Any CPU
		{FB620130-A2CF-4527-91DE-C522A91AB14D}.Debug|Any CPU.Build.0 = Debug|Any CPU
		{FB620130-A2CF-4527-91DE-C522A91AB14D}.Release|Any CPU.ActiveCfg = Release|Any CPU
		{FB620130-A2CF-4527-91DE-C522A91AB14D}.Release|Any CPU.Build.0 = Release|Any CPU
		{C3762975-3881-499B-8BAA-8061F168B207}.Debug|Any CPU.ActiveCfg = Debug|Any CPU
		{C3762975-3881-499B-8BAA-8061F168B207}.Debug|Any CPU.Build.0 = Debug|Any CPU
		{C3762975-3881-499B-8BAA-8061F168B207}.Release|Any CPU.ActiveCfg = Release|Any CPU
		{C3762975-3881-499B-8BAA-8061F168B207}.Release|Any CPU.Build.0 = Release|Any CPU
		{F46DD97F-AEF2-413E-BDD0-D51B62921E6D}.Debug|Any CPU.ActiveCfg = Debug|Any CPU
		{F46DD97F-AEF2-413E-BDD0-D51B62921E6D}.Debug|Any CPU.Build.0 = Debug|Any CPU
		{F46DD97F-AEF2-413E-BDD0-D51B62921E6D}.Release|Any CPU.ActiveCfg = Release|Any CPU
		{F46DD97F-AEF2-413E-BDD0-D51B62921E6D}.Release|Any CPU.Build.0 = Release|Any CPU
		{EC5DCFB6-7C21-43FB-B931-BC62BC525E14}.Debug|Any CPU.ActiveCfg = Debug|Any CPU
		{EC5DCFB6-7C21-43FB-B931-BC62BC525E14}.Debug|Any CPU.Build.0 = Debug|Any CPU
		{EC5DCFB6-7C21-43FB-B931-BC62BC525E14}.Release|Any CPU.ActiveCfg = Release|Any CPU
		{EC5DCFB6-7C21-43FB-B931-BC62BC525E14}.Release|Any CPU.Build.0 = Release|Any CPU
		{3D0C08F8-E5F6-451D-B65F-2368AE84B623}.Debug|Any CPU.ActiveCfg = Debug|Any CPU
		{3D0C08F8-E5F6-451D-B65F-2368AE84B623}.Debug|Any CPU.Build.0 = Debug|Any CPU
		{3D0C08F8-E5F6-451D-B65F-2368AE84B623}.Release|Any CPU.ActiveCfg = Release|Any CPU
		{3D0C08F8-E5F6-451D-B65F-2368AE84B623}.Release|Any CPU.Build.0 = Release|Any CPU
		{E582747B-3D63-4732-8ADF-60A0BD13AE55}.Debug|Any CPU.ActiveCfg = Debug|Any CPU
		{E582747B-3D63-4732-8ADF-60A0BD13AE55}.Debug|Any CPU.Build.0 = Debug|Any CPU
		{E582747B-3D63-4732-8ADF-60A0BD13AE55}.Release|Any CPU.ActiveCfg = Release|Any CPU
		{E582747B-3D63-4732-8ADF-60A0BD13AE55}.Release|Any CPU.Build.0 = Release|Any CPU
		{ECBC576D-413D-40D4-98B0-D6E7534352FC}.Debug|Any CPU.ActiveCfg = Debug|Any CPU
		{ECBC576D-413D-40D4-98B0-D6E7534352FC}.Debug|Any CPU.Build.0 = Debug|Any CPU
		{ECBC576D-413D-40D4-98B0-D6E7534352FC}.Release|Any CPU.ActiveCfg = Release|Any CPU
		{ECBC576D-413D-40D4-98B0-D6E7534352FC}.Release|Any CPU.Build.0 = Release|Any CPU
		{3B764DF6-92B4-4FB8-AEAF-A1757715C1BD}.Debug|Any CPU.ActiveCfg = Debug|Any CPU
		{3B764DF6-92B4-4FB8-AEAF-A1757715C1BD}.Debug|Any CPU.Build.0 = Debug|Any CPU
		{3B764DF6-92B4-4FB8-AEAF-A1757715C1BD}.Release|Any CPU.ActiveCfg = Release|Any CPU
		{3B764DF6-92B4-4FB8-AEAF-A1757715C1BD}.Release|Any CPU.Build.0 = Release|Any CPU
		{AAD1AD3C-896F-4D80-B2A5-AC8EDE81FF69}.Debug|Any CPU.ActiveCfg = Debug|Any CPU
		{AAD1AD3C-896F-4D80-B2A5-AC8EDE81FF69}.Debug|Any CPU.Build.0 = Debug|Any CPU
		{AAD1AD3C-896F-4D80-B2A5-AC8EDE81FF69}.Release|Any CPU.ActiveCfg = Release|Any CPU
		{AAD1AD3C-896F-4D80-B2A5-AC8EDE81FF69}.Release|Any CPU.Build.0 = Release|Any CPU
	EndGlobalSection
	GlobalSection(SolutionProperties) = preSolution
		HideSolutionNode = FALSE
	EndGlobalSection
	GlobalSection(NestedProjects) = preSolution
		{B228DAAC-B417-436D-8A0E-4ADCA8ACF773} = {68B9DF0F-9834-41ED-8767-CCB8CBA8AF09}
		{0C8B803F-90DE-4FF1-ABB5-17E9377C23FF} = {B228DAAC-B417-436D-8A0E-4ADCA8ACF773}
		{F524D109-A6E3-42D8-95E7-2F58F5EFCC9B} = {68B9DF0F-9834-41ED-8767-CCB8CBA8AF09}
		{FB620130-A2CF-4527-91DE-C522A91AB14D} = {F524D109-A6E3-42D8-95E7-2F58F5EFCC9B}
		{4073CF57-C3C9-4BDE-8F55-9DB6A14093A0} = {68B9DF0F-9834-41ED-8767-CCB8CBA8AF09}
		{C3762975-3881-499B-8BAA-8061F168B207} = {4073CF57-C3C9-4BDE-8F55-9DB6A14093A0}
		{F46DD97F-AEF2-413E-BDD0-D51B62921E6D} = {4073CF57-C3C9-4BDE-8F55-9DB6A14093A0}
		{83B31E65-D1CE-49B9-AC40-C1FD7CB59338} = {68B9DF0F-9834-41ED-8767-CCB8CBA8AF09}
		{EC5DCFB6-7C21-43FB-B931-BC62BC525E14} = {83B31E65-D1CE-49B9-AC40-C1FD7CB59338}
		{3D0C08F8-E5F6-451D-B65F-2368AE84B623} = {90D7D904-59D9-46C8-A3C4-122FC5165C6C}
		{E582747B-3D63-4732-8ADF-60A0BD13AE55} = {83B31E65-D1CE-49B9-AC40-C1FD7CB59338}
		{ECBC576D-413D-40D4-98B0-D6E7534352FC} = {83B31E65-D1CE-49B9-AC40-C1FD7CB59338}
		{3B764DF6-92B4-4FB8-AEAF-A1757715C1BD} = {83B31E65-D1CE-49B9-AC40-C1FD7CB59338}
		{AAD1AD3C-896F-4D80-B2A5-AC8EDE81FF69} = {9BBAB445-EA1C-42CD-8FDF-E8A9C5AE9F76}
	EndGlobalSection
	GlobalSection(ExtensibilityGlobals) = postSolution
		SolutionGuid = {A28A5ED3-1EF6-44A8-BCEB-732F3C4B47AF}
	EndGlobalSection
EndGlobal
